
Microsoft Visual Studio Solution File, Format Version 12.00
# Visual Studio Version 16
VisualStudioVersion = 16.0.30413.136
MinimumVisualStudioVersion = 10.0.40219.1
Project("{FAE04EC0-301F-11D3-BF4B-00C04F79EFBC}") = "KP_IT", "KP_IT.csproj", "{73F8AE36-5085-4508-9A68-9E4E1BBA05FC}"
EndProject
Global
	GlobalSection(SolutionConfigurationPlatforms) = preSolution
		Debug|Any CPU = Debug|Any CPU
		Release|Any CPU = Release|Any CPU
	EndGlobalSection
	GlobalSection(ProjectConfigurationPlatforms) = postSolution
		{73F8AE36-5085-4508-9A68-9E4E1BBA05FC}.Debug|Any CPU.ActiveCfg = Debug|Any CPU
		{73F8AE36-5085-4508-9A68-9E4E1BBA05FC}.Debug|Any CPU.Build.0 = Debug|Any CPU
		{73F8AE36-5085-4508-9A68-9E4E1BBA05FC}.Release|Any CPU.ActiveCfg = Release|Any CPU
		{73F8AE36-5085-4508-9A68-9E4E1BBA05FC}.Release|Any CPU.Build.0 = Release|Any CPU
	EndGlobalSection
	GlobalSection(SolutionProperties) = preSolution
		HideSolutionNode = FALSE
	EndGlobalSection
	GlobalSection(ExtensibilityGlobals) = postSolution
		SolutionGuid = {ED7D1979-5E4D-487A-8575-DEB42758D1FC}
	EndGlobalSection
EndGlobal
